
Microsoft Visual Studio Solution File, Format Version 12.00
# Visual Studio 15
Project("{FAE04EC0-301F-11D3-BF4B-00C04F79EFBC}") = "CarPriceHonester.API", "CarPriceHonester.API\CarPriceHonester.API.csproj", "{1084C0B3-BEC7-4F30-9E42-9349F5F51BE2}"
EndProject
Project("{FAE04EC0-301F-11D3-BF4B-00C04F79EFBC}") = "CarPriceHonester.DAL", "CarPriceHonester.DAL\CarPriceHonester.DAL.csproj", "{8CD18143-17FD-4182-B862-F1C1F2B41CD5}"
EndProject
Project("{FAE04EC0-301F-11D3-BF4B-00C04F79EFBC}") = "CarPriceHonester.Entity", "CarPriceHonester.Entity\CarPriceHonester.Entity.csproj", "{181A600A-0634-4112-8147-D71B0F9B4795}"
EndProject
Project("{FAE04EC0-301F-11D3-BF4B-00C04F79EFBC}") = "CarPriceHonester.Service", "CarPriceHonester.Service\CarPriceHonester.Service.csproj", "{867C8CF3-3623-4982-AF2B-95B3AA2D2CA8}"
EndProject
Global
	GlobalSection(SolutionConfigurationPlatforms) = preSolution
		Debug|Any CPU = Debug|Any CPU
		Release|Any CPU = Release|Any CPU
	EndGlobalSection
	GlobalSection(ProjectConfigurationPlatforms) = postSolution
		{1084C0B3-BEC7-4F30-9E42-9349F5F51BE2}.Debug|Any CPU.ActiveCfg = Debug|Any CPU
		{1084C0B3-BEC7-4F30-9E42-9349F5F51BE2}.Debug|Any CPU.Build.0 = Debug|Any CPU
		{1084C0B3-BEC7-4F30-9E42-9349F5F51BE2}.Release|Any CPU.ActiveCfg = Release|Any CPU
		{1084C0B3-BEC7-4F30-9E42-9349F5F51BE2}.Release|Any CPU.Build.0 = Release|Any CPU
		{8CD18143-17FD-4182-B862-F1C1F2B41CD5}.Debug|Any CPU.ActiveCfg = Debug|Any CPU
		{8CD18143-17FD-4182-B862-F1C1F2B41CD5}.Debug|Any CPU.Build.0 = Debug|Any CPU
		{8CD18143-17FD-4182-B862-F1C1F2B41CD5}.Release|Any CPU.ActiveCfg = Release|Any CPU
		{8CD18143-17FD-4182-B862-F1C1F2B41CD5}.Release|Any CPU.Build.0 = Release|Any CPU
		{181A600A-0634-4112-8147-D71B0F9B4795}.Debug|Any CPU.ActiveCfg = Debug|Any CPU
		{181A600A-0634-4112-8147-D71B0F9B4795}.Debug|Any CPU.Build.0 = Debug|Any CPU
		{181A600A-0634-4112-8147-D71B0F9B4795}.Release|Any CPU.ActiveCfg = Release|Any CPU
		{181A600A-0634-4112-8147-D71B0F9B4795}.Release|Any CPU.Build.0 = Release|Any CPU
		{867C8CF3-3623-4982-AF2B-95B3AA2D2CA8}.Debug|Any CPU.ActiveCfg = Debug|Any CPU
		{867C8CF3-3623-4982-AF2B-95B3AA2D2CA8}.Debug|Any CPU.Build.0 = Debug|Any CPU
		{867C8CF3-3623-4982-AF2B-95B3AA2D2CA8}.Release|Any CPU.ActiveCfg = Release|Any CPU
		{867C8CF3-3623-4982-AF2B-95B3AA2D2CA8}.Release|Any CPU.Build.0 = Release|Any CPU
	EndGlobalSection
EndGlobal
